{
    "version": "0.5",
    "requires": [
        "catch2/3.3.2#be6a2f0225146ba4fd8573ee9013e5ae%1678273536.455",
        "catch2/3.2.0#34b9bc618eafaf557662714196cafa65%1676331259.56"
    ],
    "build_requires": [
        "cmake/3.26.3#3c10902b72a4fa0c6eae5ff4575698aa%1682759265.62",
        "cmake/3.22.6#32cced101c6df0fab43e8d00bd2483eb%1678699428.472"
    ],
    "python_requires": []
}
