{
    "version": "0.5",
    "requires": [
        "openssl/1.1.1t#7d9fc949345908e1b8609d9d9f528a08%1678477939.241",
        "catch2/3.3.2#be6a2f0225146ba4fd8573ee9013e5ae%1678273536.455",
        "catch2/3.2.0#34b9bc618eafaf557662714196cafa65%1676331259.56",
        "catch2/3.1.0#34d4f011e1e3c4ac1001d54f255143a2%1676331260.306"
    ],
    "build_requires": [
        "make/4.3#f3747ef6e47bbd049f9f3f14a9e1d8ba%1667424325.767",
        "cmake/3.26.3#3c10902b72a4fa0c6eae5ff4575698aa%1682759265.62",
        "cmake/3.22.6#32cced101c6df0fab43e8d00bd2483eb%1678699428.472"
    ],
    "python_requires": []
}
