{
    "version": "0.5",
    "requires": [
        "zlib/1.2.13#e377bee636333ae348d51ca90874e353%1682597484.674",
        "xorg/system#de8fc1917bb3d11cf7a1d15eccf79c16%1681842477.341",
        "xkeyboard-config/system#493c19865261899b6633ecb43ce536d6%1672760927.706",
        "xkbcommon/1.5.0#9295f3af8cca4d3c1b5e119daa5cc536%1684505308.282",
        "wayland/1.21.0#c070265933a9ae40d0ee1af6cd273c4c%1684505246.314",
        "sqlite3/3.42.0#a731fc3f0c93706bb5ced39cdee508d5%1684343548.266",
        "qt/6.5.2#4ce11dd8506c9e62c36bc41c55dcfa72%1692785593.676",
        "qt/6.5.0#a5b23f3847b128131b4b66aa0e9be1de%1689680661.905",
        "pcre2/10.42#2079a0447f9652dffcbbf1eb73ae2d4e%1670876061.516",
        "openssl/1.1.1t#7d9fc949345908e1b8609d9d9f528a08%1678477939.241",
        "opengl/system#b29589c04d6df84c110d6acb066ab653%1681425065.802",
        "odbc/2.3.11#84d32d803c970271eb2fc58d3e3cc2b5%1676419922.042",
        "md4c/0.4.8#84b2885aa93a27653f5067a77044b0e3%1676819373.828",
        "m4/1.4.19#c1c4b1ee919e34630bb9b50046253d3c%1676610086.39",
        "libxml2/2.11.4#0bf4a1077299f970dce106e1a98d2cf9%1684479420.736",
        "libuuid/1.0.3#2e37af640b92a1ff5b38e6107bf750d8%1682970412.171",
        "libtool/2.4.7#d55a3c2435c19e830fa77aa5c6c19350%1677509454.216",
        "libselinux/3.3#1bb9670b14ef607941dd43bf155ce7e3%1676549596.763",
        "libpq/15.3#47ad3047a79b5e7b855fcdf90ea3fae4%1688477524.254",
        "libpng/1.6.40#3b63a2aa000933a57a53322207790714%1687968865.34",
        "libmount/2.36.2#6820ca7dcf3e62148b7b60049a5ae6e5%1685457161.128",
        "libiconv/1.17#fa54397801cd96911a8294bc5fc76335%1675449822.495",
        "libgettext/0.21#e385bfac2d0370335ae9b670c34713a1%1692434362.891",
        "libffi/3.4.4#35eb63842b505824b70aedc1baefc916%1682741110.044",
        "libelf/0.8.13#4f70a3555809ae50cc8add44f0f84288%1682439923.579",
        "icu/73.2#7fda454a65a205158299111824a06964%1686762214.7",
        "harfbuzz/8.0.1#4e386bdb374b8383012f13f5403880ed%1689145135.207",
        "glib/2.76.3#7a80c18fbe9f23cfd1f666dd5236b2de%1684934035.525",
        "freetype/2.13.0#713c0b5ff4615ef0611944400cee0e4c%1688584761.706",
        "fontconfig/2.14.2#fc99923d784f769eeb250ffc23edc654%1688148444.566",
        "expat/2.5.0#91e43e4544923e4c934bfad1fa4306f9%1684595996.015",
        "double-conversion/3.3.0#33321c201741cc32b51169c6d2d05e60%1684478632.238",
        "catch2/3.4.0#eb6f89bbc70b6b3d8748d21ab8fb9468%1689302336.925",
        "catch2/3.3.2#be6a2f0225146ba4fd8573ee9013e5ae%1678273536.455",
        "catch2/3.2.0#34b9bc618eafaf557662714196cafa65%1676331259.56",
        "catch2/3.1.0#34d4f011e1e3c4ac1001d54f255143a2%1676331260.306",
        "bzip2/1.0.8#411fc05e80d47a89045edc1ee6f23c1d%1678293522.814",
        "brotli/1.0.9#ffbecf553112bc3e25a08c91c28b8b68%1676037161.979",
        "automake/1.16.5#058bda3e21c36c9aa8425daf3c1faf50%1688481772.751",
        "autoconf/2.71#ce232afdcd21d1269419c355375731e6%1688493320.427"
    ],
    "build_requires": [
        "zlib/1.2.13#e377bee636333ae348d51ca90874e353%1682597484.674",
        "wayland-protocols/1.31#52be073a4183abb8dcdeaa1e8626bcef%1679950893.432",
        "wayland/1.21.0#c070265933a9ae40d0ee1af6cd273c4c%1684505246.314",
        "strawberryperl/5.32.1.1#8f83d05a60363a422f9033e52d106b47%1666134191.176",
        "pkgconf/1.9.5#743ca0d41d35a84b1f89af337ddaa1a0%1688570267.802",
        "pkgconf/1.9.3#a920b5c7f8d04f22b9fe03db91a864dd%1677509382.92",
        "ninja/1.11.1#77587f8c8318662ac8e5a7867eb4be21%1684431244.21",
        "nasm/2.15.05#ca1c14c2060af0ec151048b54ced9262%1692882544.152",
        "msys2/cci.latest#567331f1604f3c584f04feade960f06e%1674514056.77",
        "meson/1.1.1#9d52de5791d944537595bec6b0ca4251%1685077896.675",
        "meson/1.1.0#6176e4f21370f5820c27da02836c32c9%1681198138.083",
        "meson/1.0.0#15586c0ac6f682805875ef903dbe7ee2%1673885561.647",
        "make/4.3#f3747ef6e47bbd049f9f3f14a9e1d8ba%1667424325.767",
        "m4/1.4.19#c1c4b1ee919e34630bb9b50046253d3c%1676610086.39",
        "libxml2/2.11.4#0bf4a1077299f970dce106e1a98d2cf9%1684479420.736",
        "libtool/2.4.7#d55a3c2435c19e830fa77aa5c6c19350%1677509454.216",
        "libiconv/1.17#fa54397801cd96911a8294bc5fc76335%1675449822.495",
        "libffi/3.4.4#35eb63842b505824b70aedc1baefc916%1682741110.044",
        "gperf/3.1#a9335f8833b550f10f655fd243c72978%1676044713.075",
        "gnu-config/cci.20210814#15c3bf7dfdb743977b84d0321534ad90%1681250000.747",
        "flex/2.6.4#e35bc44b3fcbcd661e0af0dc5b5b1ad4%1674818991.113",
        "expat/2.5.0#91e43e4544923e4c934bfad1fa4306f9%1684595996.015",
        "cmake/3.26.3#3c10902b72a4fa0c6eae5ff4575698aa%1682759265.62",
        "cmake/3.22.6#32cced101c6df0fab43e8d00bd2483eb%1678699428.472",
        "bison/3.8.2#a8e86b304f8085ddbb22395c99a9a0a8%1671620227.654",
        "automake/1.16.5#058bda3e21c36c9aa8425daf3c1faf50%1688481772.751",
        "autoconf/2.71#ce232afdcd21d1269419c355375731e6%1688493320.427"
    ],
    "python_requires": []
}